
Microsoft Visual Studio Solution File, Format Version 12.00
# Visual Studio 14
VisualStudioVersion = 14.0.25420.1
MinimumVisualStudioVersion = 10.0.40219.1
Project("{FAE04EC0-301F-11D3-BF4B-00C04F79EFBC}") = "WebServices_XF.Android", "WebServices_XF\WebServices_XF.Android\WebServices_XF.Android.csproj", "{6B9952CC-5786-4A18-B876-878AE44E451F}"
EndProject
Project("{FAE04EC0-301F-11D3-BF4B-00C04F79EFBC}") = "WebServices_XF", "WebServices_XF\WebServices_XF\WebServices_XF.csproj", "{4C33EFEA-7485-4EA3-9CCA-C4049082931F}"
EndProject
Project("{FAE04EC0-301F-11D3-BF4B-00C04F79EFBC}") = "WebServices_XF.iOS", "WebServices_XF\WebServices_XF.iOS\WebServices_XF.iOS.csproj", "{DF57B937-3419-45BF-91D9-966FF073CE9F}"
EndProject
Global
	GlobalSection(SolutionConfigurationPlatforms) = preSolution
		Ad-Hoc|Any CPU = Ad-Hoc|Any CPU
		Ad-Hoc|iPhone = Ad-Hoc|iPhone
		Ad-Hoc|iPhoneSimulator = Ad-Hoc|iPhoneSimulator
		AppStore|Any CPU = AppStore|Any CPU
		AppStore|iPhone = AppStore|iPhone
		AppStore|iPhoneSimulator = AppStore|iPhoneSimulator
		Debug|Any CPU = Debug|Any CPU
		Debug|iPhone = Debug|iPhone
		Debug|iPhoneSimulator = Debug|iPhoneSimulator
		Release|Any CPU = Release|Any CPU
		Release|iPhone = Release|iPhone
		Release|iPhoneSimulator = Release|iPhoneSimulator
	EndGlobalSection
	GlobalSection(ProjectConfigurationPlatforms) = postSolution
		{6B9952CC-5786-4A18-B876-878AE44E451F}.Ad-Hoc|Any CPU.ActiveCfg = Release|Any CPU
		{6B9952CC-5786-4A18-B876-878AE44E451F}.Ad-Hoc|Any CPU.Build.0 = Release|Any CPU
		{6B9952CC-5786-4A18-B876-878AE44E451F}.Ad-Hoc|Any CPU.Deploy.0 = Release|Any CPU
		{6B9952CC-5786-4A18-B876-878AE44E451F}.Ad-Hoc|iPhone.ActiveCfg = Release|Any CPU
		{6B9952CC-5786-4A18-B876-878AE44E451F}.Ad-Hoc|iPhone.Build.0 = Release|Any CPU
		{6B9952CC-5786-4A18-B876-878AE44E451F}.Ad-Hoc|iPhone.Deploy.0 = Release|Any CPU
		{6B9952CC-5786-4A18-B876-878AE44E451F}.Ad-Hoc|iPhoneSimulator.ActiveCfg = Release|Any CPU
		{6B9952CC-5786-4A18-B876-878AE44E451F}.Ad-Hoc|iPhoneSimulator.Build.0 = Release|Any CPU
		{6B9952CC-5786-4A18-B876-878AE44E451F}.Ad-Hoc|iPhoneSimulator.Deploy.0 = Release|Any CPU
		{6B9952CC-5786-4A18-B876-878AE44E451F}.AppStore|Any CPU.ActiveCfg = Release|Any CPU
		{6B9952CC-5786-4A18-B876-878AE44E451F}.AppStore|Any CPU.Build.0 = Release|Any CPU
		{6B9952CC-5786-4A18-B876-878AE44E451F}.AppStore|Any CPU.Deploy.0 = Release|Any CPU
		{6B9952CC-5786-4A18-B876-878AE44E451F}.AppStore|iPhone.ActiveCfg = Release|Any CPU
		{6B9952CC-5786-4A18-B876-878AE44E451F}.AppStore|iPhone.Build.0 = Release|Any CPU
		{6B9952CC-5786-4A18-B876-878AE44E451F}.AppStore|iPhone.Deploy.0 = Release|Any CPU
		{6B9952CC-5786-4A18-B876-878AE44E451F}.AppStore|iPhoneSimulator.ActiveCfg = Release|Any CPU
		{6B9952CC-5786-4A18-B876-878AE44E451F}.AppStore|iPhoneSimulator.Build.0 = Release|Any CPU
		{6B9952CC-5786-4A18-B876-878AE44E451F}.AppStore|iPhoneSimulator.Deploy.0 = Release|Any CPU
		{6B9952CC-5786-4A18-B876-878AE44E451F}.Debug|Any CPU.ActiveCfg = Debug|Any CPU
		{6B9952CC-5786-4A18-B876-878AE44E451F}.Debug|Any CPU.Build.0 = Debug|Any CPU
		{6B9952CC-5786-4A18-B876-878AE44E451F}.Debug|Any CPU.Deploy.0 = Debug|Any CPU
		{6B9952CC-5786-4A18-B876-878AE44E451F}.Debug|iPhone.ActiveCfg = Debug|Any CPU
		{6B9952CC-5786-4A18-B876-878AE44E451F}.Debug|iPhone.Build.0 = Debug|Any CPU
		{6B9952CC-5786-4A18-B876-878AE44E451F}.Debug|iPhone.Deploy.0 = Debug|Any CPU
		{6B9952CC-5786-4A18-B876-878AE44E451F}.Debug|iPhoneSimulator.ActiveCfg = Debug|Any CPU
		{6B9952CC-5786-4A18-B876-878AE44E451F}.Debug|iPhoneSimulator.Build.0 = Debug|Any CPU
		{6B9952CC-5786-4A18-B876-878AE44E451F}.Debug|iPhoneSimulator.Deploy.0 = Debug|Any CPU
		{6B9952CC-5786-4A18-B876-878AE44E451F}.Release|Any CPU.ActiveCfg = Release|Any CPU
		{6B9952CC-5786-4A18-B876-878AE44E451F}.Release|Any CPU.Build.0 = Release|Any CPU
		{6B9952CC-5786-4A18-B876-878AE44E451F}.Release|Any CPU.Deploy.0 = Release|Any CPU
		{6B9952CC-5786-4A18-B876-878AE44E451F}.Release|iPhone.ActiveCfg = Release|Any CPU
		{6B9952CC-5786-4A18-B876-878AE44E451F}.Release|iPhone.Build.0 = Release|Any CPU
		{6B9952CC-5786-4A18-B876-878AE44E451F}.Release|iPhone.Deploy.0 = Release|Any CPU
		{6B9952CC-5786-4A18-B876-878AE44E451F}.Release|iPhoneSimulator.ActiveCfg = Release|Any CPU
		{6B9952CC-5786-4A18-B876-878AE44E451F}.Release|iPhoneSimulator.Build.0 = Release|Any CPU
		{6B9952CC-5786-4A18-B876-878AE44E451F}.Release|iPhoneSimulator.Deploy.0 = Release|Any CPU
		{4C33EFEA-7485-4EA3-9CCA-C4049082931F}.Ad-Hoc|Any CPU.ActiveCfg = Release|Any CPU
		{4C33EFEA-7485-4EA3-9CCA-C4049082931F}.Ad-Hoc|Any CPU.Build.0 = Release|Any CPU
		{4C33EFEA-7485-4EA3-9CCA-C4049082931F}.Ad-Hoc|iPhone.ActiveCfg = Release|Any CPU
		{4C33EFEA-7485-4EA3-9CCA-C4049082931F}.Ad-Hoc|iPhone.Build.0 = Release|Any CPU
		{4C33EFEA-7485-4EA3-9CCA-C4049082931F}.Ad-Hoc|iPhoneSimulator.ActiveCfg = Release|Any CPU
		{4C33EFEA-7485-4EA3-9CCA-C4049082931F}.Ad-Hoc|iPhoneSimulator.Build.0 = Release|Any CPU
		{4C33EFEA-7485-4EA3-9CCA-C4049082931F}.AppStore|Any CPU.ActiveCfg = Release|Any CPU
		{4C33EFEA-7485-4EA3-9CCA-C4049082931F}.AppStore|Any CPU.Build.0 = Release|Any CPU
		{4C33EFEA-7485-4EA3-9CCA-C4049082931F}.AppStore|iPhone.ActiveCfg = Release|Any CPU
		{4C33EFEA-7485-4EA3-9CCA-C4049082931F}.AppStore|iPhone.Build.0 = Release|Any CPU
		{4C33EFEA-7485-4EA3-9CCA-C4049082931F}.AppStore|iPhoneSimulator.ActiveCfg = Release|Any CPU
		{4C33EFEA-7485-4EA3-9CCA-C4049082931F}.AppStore|iPhoneSimulator.Build.0 = Release|Any CPU
		{4C33EFEA-7485-4EA3-9CCA-C4049082931F}.Debug|Any CPU.ActiveCfg = Debug|Any CPU
		{4C33EFEA-7485-4EA3-9CCA-C4049082931F}.Debug|Any CPU.Build.0 = Debug|Any CPU
		{4C33EFEA-7485-4EA3-9CCA-C4049082931F}.Debug|iPhone.ActiveCfg = Debug|Any CPU
		{4C33EFEA-7485-4EA3-9CCA-C4049082931F}.Debug|iPhone.Build.0 = Debug|Any CPU
		{4C33EFEA-7485-4EA3-9CCA-C4049082931F}.Debug|iPhoneSimulator.ActiveCfg = Debug|Any CPU
		{4C33EFEA-7485-4EA3-9CCA-C4049082931F}.Debug|iPhoneSimulator.Build.0 = Debug|Any CPU
		{4C33EFEA-7485-4EA3-9CCA-C4049082931F}.Release|Any CPU.ActiveCfg = Release|Any CPU
		{4C33EFEA-7485-4EA3-9CCA-C4049082931F}.Release|Any CPU.Build.0 = Release|Any CPU
		{4C33EFEA-7485-4EA3-9CCA-C4049082931F}.Release|iPhone.ActiveCfg = Release|Any CPU
		{4C33EFEA-7485-4EA3-9CCA-C4049082931F}.Release|iPhone.Build.0 = Release|Any CPU
		{4C33EFEA-7485-4EA3-9CCA-C4049082931F}.Release|iPhoneSimulator.ActiveCfg = Release|Any CPU
		{4C33EFEA-7485-4EA3-9CCA-C4049082931F}.Release|iPhoneSimulator.Build.0 = Release|Any CPU
		{DF57B937-3419-45BF-91D9-966FF073CE9F}.Ad-Hoc|Any CPU.ActiveCfg = Ad-Hoc|iPhone
		{DF57B937-3419-45BF-91D9-966FF073CE9F}.Ad-Hoc|iPhone.ActiveCfg = Ad-Hoc|iPhone
		{DF57B937-3419-45BF-91D9-966FF073CE9F}.Ad-Hoc|iPhone.Build.0 = Ad-Hoc|iPhone
		{DF57B937-3419-45BF-91D9-966FF073CE9F}.Ad-Hoc|iPhoneSimulator.ActiveCfg = Ad-Hoc|iPhoneSimulator
		{DF57B937-3419-45BF-91D9-966FF073CE9F}.Ad-Hoc|iPhoneSimulator.Build.0 = Ad-Hoc|iPhoneSimulator
		{DF57B937-3419-45BF-91D9-966FF073CE9F}.AppStore|Any CPU.ActiveCfg = AppStore|iPhone
		{DF57B937-3419-45BF-91D9-966FF073CE9F}.AppStore|iPhone.ActiveCfg = AppStore|iPhone
		{DF57B937-3419-45BF-91D9-966FF073CE9F}.AppStore|iPhone.Build.0 = AppStore|iPhone
		{DF57B937-3419-45BF-91D9-966FF073CE9F}.AppStore|iPhoneSimulator.ActiveCfg = AppStore|iPhoneSimulator
		{DF57B937-3419-45BF-91D9-966FF073CE9F}.AppStore|iPhoneSimulator.Build.0 = AppStore|iPhoneSimulator
		{DF57B937-3419-45BF-91D9-966FF073CE9F}.Debug|Any CPU.ActiveCfg = Debug|iPhone
		{DF57B937-3419-45BF-91D9-966FF073CE9F}.Debug|iPhone.ActiveCfg = Debug|iPhone
		{DF57B937-3419-45BF-91D9-966FF073CE9F}.Debug|iPhone.Build.0 = Debug|iPhone
		{DF57B937-3419-45BF-91D9-966FF073CE9F}.Debug|iPhoneSimulator.ActiveCfg = Debug|iPhoneSimulator
		{DF57B937-3419-45BF-91D9-966FF073CE9F}.Debug|iPhoneSimulator.Build.0 = Debug|iPhoneSimulator
		{DF57B937-3419-45BF-91D9-966FF073CE9F}.Release|Any CPU.ActiveCfg = Release|iPhone
		{DF57B937-3419-45BF-91D9-966FF073CE9F}.Release|iPhone.ActiveCfg = Release|iPhone
		{DF57B937-3419-45BF-91D9-966FF073CE9F}.Release|iPhone.Build.0 = Release|iPhone
		{DF57B937-3419-45BF-91D9-966FF073CE9F}.Release|iPhoneSimulator.ActiveCfg = Release|iPhoneSimulator
		{DF57B937-3419-45BF-91D9-966FF073CE9F}.Release|iPhoneSimulator.Build.0 = Release|iPhoneSimulator
	EndGlobalSection
	GlobalSection(SolutionProperties) = preSolution
		HideSolutionNode = FALSE
	EndGlobalSection
EndGlobal
